<?xml version="1.0" encoding="utf-8"?>
<Project ToolsVersion="4.0" xmlns="http://schemas.microsoft.com/developer/msbuild/2003">
  <ItemGroup>
    <Filter Include="源文件">
      <UniqueIdentifier>{4FC737F1-C7A5-4376-A066-2A32D752A2FF}</UniqueIdentifier>
      <Extensions>cpp;c;cc;cxx;c++;cppm;ixx;def;odl;idl;hpj;bat;asm;asmx</Extensions>
    </Filter>
    <Filter Include="头文件">
      <UniqueIdentifier>{93995380-89BD-4b04-88EB-625FBE52EBFB}</UniqueIdentifier>
      <Extensions>h;hh;hpp;hxx;h++;hm;inl;inc;ipp;xsd</Extensions>
    </Filter>
    <Filter Include="资源文件">
      <UniqueIdentifier>{67DA6AB6-F800-4c08-8B7A-83BB121AAD01}</UniqueIdentifier>
      <Extensions>rc;ico;cur;bmp;dlg;rc2;rct;bin;rgs;gif;jpg;jpeg;jpe;resx;tiff;tif;png;wav;mfcribbon-ms</Extensions>
    </Filter>
    <Filter Include="3rdparty">
      <UniqueIdentifier>{d8d0d7d3-f334-4d32-9b0f-eff4f61be372}</UniqueIdentifier>
    </Filter>
    <Filter Include="头文件\windows">
      <UniqueIdentifier>{4fdd414a-0ff6-4514-8543-0cd8ff4c48ee}</UniqueIdentifier>
    </Filter>
    <Filter Include="源文件\windows">
      <UniqueIdentifier>{fd3f9eda-728b-45e9-b5ad-3864e0c0dfe5}</UniqueIdentifier>
    </Filter>
    <Filter Include="头文件\picture">
      <UniqueIdentifier>{7a71b1ff-af1d-4db7-99be-42818c134921}</UniqueIdentifier>
    </Filter>
    <Filter Include="头文件\sql">
      <UniqueIdentifier>{6bcfcd5f-983d-4f59-8668-7a05cafb10e6}</UniqueIdentifier>
    </Filter>
    <Filter Include="头文件\data">
      <UniqueIdentifier>{2c23db9a-bfe1-47a2-a282-a74e85f0aaf9}</UniqueIdentifier>
    </Filter>
  </ItemGroup>
  <ItemGroup>
    <ClCompile Include="main.cpp">
      <Filter>源文件</Filter>
    </ClCompile>
    <ClCompile Include="..\3rdparty\include\ImGui\imgui.cpp">
      <Filter>3rdparty</Filter>
    </ClCompile>
    <ClCompile Include="..\3rdparty\include\ImGui\imgui_demo.cpp">
      <Filter>3rdparty</Filter>
    </ClCompile>
    <ClCompile Include="..\3rdparty\include\ImGui\imgui_draw.cpp">
      <Filter>3rdparty</Filter>
    </ClCompile>
    <ClCompile Include="..\3rdparty\include\ImGui\imgui_impl_glfw.cpp">
      <Filter>3rdparty</Filter>
    </ClCompile>
    <ClCompile Include="..\3rdparty\include\ImGui\imgui_impl_opengl3.cpp">
      <Filter>3rdparty</Filter>
    </ClCompile>
    <ClCompile Include="..\3rdparty\include\ImGui\imgui_tables.cpp">
      <Filter>3rdparty</Filter>
    </ClCompile>
    <ClCompile Include="..\3rdparty\include\ImGui\imgui_widgets.cpp">
      <Filter>3rdparty</Filter>
    </ClCompile>
    <ClCompile Include="..\3rdparty\include\MysqlConn\MysqlConfig.cpp">
      <Filter>3rdparty</Filter>
    </ClCompile>
    <ClCompile Include="..\3rdparty\include\MysqlConn\MysqlConn.cpp">
      <Filter>3rdparty</Filter>
    </ClCompile>
    <ClCompile Include="..\3rdparty\include\MysqlConn\MysqlConnPool.cpp">
      <Filter>3rdparty</Filter>
    </ClCompile>
    <ClCompile Include="..\3rdparty\include\MysqlConn\MysqlOP.cpp">
      <Filter>3rdparty</Filter>
    </ClCompile>
    <ClCompile Include="..\3rdparty\include\WinRoaming\Window.cpp">
      <Filter>3rdparty</Filter>
    </ClCompile>
    <ClCompile Include="..\3rdparty\include\WinRoaming\WinRoam.cpp">
      <Filter>3rdparty</Filter>
    </ClCompile>
    <ClCompile Include="AdminWindow.cpp">
      <Filter>源文件\windows</Filter>
    </ClCompile>
    <ClCompile Include="LoginWindow.cpp">
      <Filter>源文件\windows</Filter>
    </ClCompile>
    <ClCompile Include="RegisterSuccessWindow.cpp">
      <Filter>源文件\windows</Filter>
    </ClCompile>
    <ClCompile Include="RegisterWindow.cpp">
      <Filter>源文件\windows</Filter>
    </ClCompile>
    <ClCompile Include="FanWindow.cpp">
      <Filter>源文件\windows</Filter>
    </ClCompile>
    <ClCompile Include="MemberWindow.cpp">
      <Filter>源文件\windows</Filter>
    </ClCompile>
  </ItemGroup>
  <ItemGroup>
    <ClInclude Include="init.hpp">
      <Filter>头文件</Filter>
    </ClInclude>
    <ClInclude Include="LoginWindow.h">
      <Filter>头文件\windows</Filter>
    </ClInclude>
    <ClInclude Include="..\3rdparty\include\WinRoaming\reflect.hpp">
      <Filter>3rdparty</Filter>
    </ClInclude>
    <ClInclude Include="..\3rdparty\include\WinRoaming\Singleton.hpp">
      <Filter>3rdparty</Filter>
    </ClInclude>
    <ClInclude Include="AdminWindow.h">
      <Filter>头文件\windows</Filter>
    </ClInclude>
    <ClInclude Include="RegisterWindow.h">
      <Filter>头文件\windows</Filter>
    </ClInclude>
    <ClInclude Include="RegisterSuccessWindow.h">
      <Filter>头文件\windows</Filter>
    </ClInclude>
    <ClInclude Include="TextureLoading.hpp">
      <Filter>头文件\picture</Filter>
    </ClInclude>
    <ClInclude Include="FanWindow.h">
      <Filter>头文件\windows</Filter>
    </ClInclude>
    <ClInclude Include="MemberWindow.h">
      <Filter>头文件\windows</Filter>
    </ClInclude>
    <ClInclude Include="sqlpre.h">
      <Filter>头文件\sql</Filter>
    </ClInclude>
    <ClInclude Include="Data.hpp">
      <Filter>头文件\data</Filter>
    </ClInclude>
  </ItemGroup>
</Project>